
Microsoft Visual Studio Solution File, Format Version 12.00
# Visual Studio Version 16
VisualStudioVersion = 16.0.30309.148
MinimumVisualStudioVersion = 10.0.40219.1
Project("{9A19103F-16F7-4668-BE54-9A1E7A4F7556}") = "CDBMongo", "CDBMongo\CDBMongo.csproj", "{BA6D48E2-A181-479F-BF1F-CA13FB84BEA0}"
EndProject
Project("{9A19103F-16F7-4668-BE54-9A1E7A4F7556}") = "CDBMongo.Data", "CDBMongo.Data\CDBMongo.Data.csproj", "{67B70300-4078-481A-AF8B-72F3A6C08B77}"
EndProject
Global
	GlobalSection(SolutionConfigurationPlatforms) = preSolution
		Debug|Any CPU = Debug|Any CPU
		Release|Any CPU = Release|Any CPU
	EndGlobalSection
	GlobalSection(ProjectConfigurationPlatforms) = postSolution
		{BA6D48E2-A181-479F-BF1F-CA13FB84BEA0}.Debug|Any CPU.ActiveCfg = Debug|Any CPU
		{BA6D48E2-A181-479F-BF1F-CA13FB84BEA0}.Debug|Any CPU.Build.0 = Debug|Any CPU
		{BA6D48E2-A181-479F-BF1F-CA13FB84BEA0}.Release|Any CPU.ActiveCfg = Release|Any CPU
		{BA6D48E2-A181-479F-BF1F-CA13FB84BEA0}.Release|Any CPU.Build.0 = Release|Any CPU
		{67B70300-4078-481A-AF8B-72F3A6C08B77}.Debug|Any CPU.ActiveCfg = Debug|Any CPU
		{67B70300-4078-481A-AF8B-72F3A6C08B77}.Debug|Any CPU.Build.0 = Debug|Any CPU
		{67B70300-4078-481A-AF8B-72F3A6C08B77}.Release|Any CPU.ActiveCfg = Release|Any CPU
		{67B70300-4078-481A-AF8B-72F3A6C08B77}.Release|Any CPU.Build.0 = Release|Any CPU
	EndGlobalSection
	GlobalSection(SolutionProperties) = preSolution
		HideSolutionNode = FALSE
	EndGlobalSection
	GlobalSection(ExtensibilityGlobals) = postSolution
		SolutionGuid = {40A987ED-7C32-479C-9ABC-64090E293D14}
	EndGlobalSection
EndGlobal
